// !$*UTF8*$!
{
	archiveVersion = 1;
	classes = {
	};
	objectVersion = 56;
	objects = {

/* Begin PBXBuildFile section */
		352825432B54D759002F17F5 /* AppDelegate.swift in Sources */ = {isa = PBXBuildFile; fileRef = 352825422B54D759002F17F5 /* AppDelegate.swift */; };
		352825452B54D759002F17F5 /* SceneDelegate.swift in Sources */ = {isa = PBXBuildFile; fileRef = 352825442B54D759002F17F5 /* SceneDelegate.swift */; };
		352825472B54D759002F17F5 /* ViewController.swift in Sources */ = {isa = PBXBuildFile; fileRef = 352825462B54D759002F17F5 /* ViewController.swift */; };
		3528254A2B54D759002F17F5 /* Main.storyboard in Resources */ = {isa = PBXBuildFile; fileRef = 352825482B54D759002F17F5 /* Main.storyboard */; };
		3528254C2B54D75A002F17F5 /* Assets.xcassets in Resources */ = {isa = PBXBuildFile; fileRef = 3528254B2B54D75A002F17F5 /* Assets.xcassets */; };
		3528254F2B54D75A002F17F5 /* LaunchScreen.storyboard in Resources */ = {isa = PBXBuildFile; fileRef = 3528254D2B54D75A002F17F5 /* LaunchScreen.storyboard */; };
		3528255F2B54D783002F17F5 /* ResizableView.swift in Sources */ = {isa = PBXBuildFile; fileRef = 352825572B54D783002F17F5 /* ResizableView.swift */; };
		352825602B54D783002F17F5 /* DragButtonHandle.swift in Sources */ = {isa = PBXBuildFile; fileRef = 352825582B54D783002F17F5 /* DragButtonHandle.swift */; };
		352825612B54D783002F17F5 /* ex+.swift in Sources */ = {isa = PBXBuildFile; fileRef = 352825592B54D783002F17F5 /* ex+.swift */; };
		352825622B54D783002F17F5 /* UIView+Transform.swift in Sources */ = {isa = PBXBuildFile; fileRef = 3528255A2B54D783002F17F5 /* UIView+Transform.swift */; };
		352825632B54D783002F17F5 /* PDFKitDrawingView.swift in Sources */ = {isa = PBXBuildFile; fileRef = 3528255B2B54D783002F17F5 /* PDFKitDrawingView.swift */; };
		352825642B54D783002F17F5 /* ResizeBorder.swift in Sources */ = {isa = PBXBuildFile; fileRef = 3528255C2B54D783002F17F5 /* ResizeBorder.swift */; };
		352825652B54D783002F17F5 /* DragHandle.swift in Sources */ = {isa = PBXBuildFile; fileRef = 3528255D2B54D783002F17F5 /* DragHandle.swift */; };
		352825662B54D783002F17F5 /* adel.pdf in Resources */ = {isa = PBXBuildFile; fileRef = 3528255E2B54D783002F17F5 /* adel.pdf */; };
		35C77E2F2B578CDE00591FA7 /* PDFDocumentView.swift in Sources */ = {isa = PBXBuildFile; fileRef = 35C77E2E2B578CDE00591FA7 /* PDFDocumentView.swift */; };
		35C77E312B57A3BA00591FA7 /* PDFDocumentPage.swift in Sources */ = {isa = PBXBuildFile; fileRef = 35C77E302B57A3B900591FA7 /* PDFDocumentPage.swift */; };
		35C77E332B57A42100591FA7 /* PDFKitToolPicker.swift in Sources */ = {isa = PBXBuildFile; fileRef = 35C77E322B57A42100591FA7 /* PDFKitToolPicker.swift */; };
		35C77E352B57A45200591FA7 /* PDFKitDocument.swift in Sources */ = {isa = PBXBuildFile; fileRef = 35C77E342B57A45200591FA7 /* PDFKitDocument.swift */; };
		35C77E372B57A4E800591FA7 /* PDFDocumentOverlay.swift in Sources */ = {isa = PBXBuildFile; fileRef = 35C77E362B57A4E800591FA7 /* PDFDocumentOverlay.swift */; };
		35C77E3A2B57ED3000591FA7 /* DrawingAnnotation.swift in Sources */ = {isa = PBXBuildFile; fileRef = 35C77E392B57ED3000591FA7 /* DrawingAnnotation.swift */; };
		35C77E3C2B57ED8300591FA7 /* SignatureAnnotation .swift in Sources */ = {isa = PBXBuildFile; fileRef = 35C77E3B2B57ED8300591FA7 /* SignatureAnnotation .swift */; };
/* End PBXBuildFile section */

/* Begin PBXFileReference section */
		3528253F2B54D759002F17F5 /* PDFDocumentView.app */ = {isa = PBXFileReference; explicitFileType = wrapper.application; includeInIndex = 0; path = PDFDocumentView.app; sourceTree = BUILT_PRODUCTS_DIR; };
		352825422B54D759002F17F5 /* AppDelegate.swift */ = {isa = PBXFileReference; lastKnownFileType = sourcecode.swift; path = AppDelegate.swift; sourceTree = "<group>"; };
		352825442B54D759002F17F5 /* SceneDelegate.swift */ = {isa = PBXFileReference; lastKnownFileType = sourcecode.swift; path = SceneDelegate.swift; sourceTree = "<group>"; };
		352825462B54D759002F17F5 /* ViewController.swift */ = {isa = PBXFileReference; lastKnownFileType = sourcecode.swift; path = ViewController.swift; sourceTree = "<group>"; };
		352825492B54D759002F17F5 /* Base */ = {isa = PBXFileReference; lastKnownFileType = file.storyboard; name = Base; path = Base.lproj/Main.storyboard; sourceTree = "<group>"; };
		3528254B2B54D75A002F17F5 /* Assets.xcassets */ = {isa = PBXFileReference; lastKnownFileType = folder.assetcatalog; path = Assets.xcassets; sourceTree = "<group>"; };
		3528254E2B54D75A002F17F5 /* Base */ = {isa = PBXFileReference; lastKnownFileType = file.storyboard; name = Base; path = Base.lproj/LaunchScreen.storyboard; sourceTree = "<group>"; };
		352825502B54D75A002F17F5 /* Info.plist */ = {isa = PBXFileReference; lastKnownFileType = text.plist.xml; path = Info.plist; sourceTree = "<group>"; };
		352825572B54D783002F17F5 /* ResizableView.swift */ = {isa = PBXFileReference; fileEncoding = 4; lastKnownFileType = sourcecode.swift; path = ResizableView.swift; sourceTree = "<group>"; };
		352825582B54D783002F17F5 /* DragButtonHandle.swift */ = {isa = PBXFileReference; fileEncoding = 4; lastKnownFileType = sourcecode.swift; path = DragButtonHandle.swift; sourceTree = "<group>"; };
		352825592B54D783002F17F5 /* ex+.swift */ = {isa = PBXFileReference; fileEncoding = 4; lastKnownFileType = sourcecode.swift; path = "ex+.swift"; sourceTree = "<group>"; };
		3528255A2B54D783002F17F5 /* UIView+Transform.swift */ = {isa = PBXFileReference; fileEncoding = 4; lastKnownFileType = sourcecode.swift; path = "UIView+Transform.swift"; sourceTree = "<group>"; };
		3528255B2B54D783002F17F5 /* PDFKitDrawingView.swift */ = {isa = PBXFileReference; fileEncoding = 4; lastKnownFileType = sourcecode.swift; path = PDFKitDrawingView.swift; sourceTree = "<group>"; };
		3528255C2B54D783002F17F5 /* ResizeBorder.swift */ = {isa = PBXFileReference; fileEncoding = 4; lastKnownFileType = sourcecode.swift; path = ResizeBorder.swift; sourceTree = "<group>"; };
		3528255D2B54D783002F17F5 /* DragHandle.swift */ = {isa = PBXFileReference; fileEncoding = 4; lastKnownFileType = sourcecode.swift; path = DragHandle.swift; sourceTree = "<group>"; };
		3528255E2B54D783002F17F5 /* adel.pdf */ = {isa = PBXFileReference; lastKnownFileType = image.pdf; path = adel.pdf; sourceTree = "<group>"; };
		35C77E2E2B578CDE00591FA7 /* PDFDocumentView.swift */ = {isa = PBXFileReference; lastKnownFileType = sourcecode.swift; path = PDFDocumentView.swift; sourceTree = "<group>"; };
		35C77E302B57A3B900591FA7 /* PDFDocumentPage.swift */ = {isa = PBXFileReference; lastKnownFileType = sourcecode.swift; path = PDFDocumentPage.swift; sourceTree = "<group>"; };
		35C77E322B57A42100591FA7 /* PDFKitToolPicker.swift */ = {isa = PBXFileReference; lastKnownFileType = sourcecode.swift; path = PDFKitToolPicker.swift; sourceTree = "<group>"; };
		35C77E342B57A45200591FA7 /* PDFKitDocument.swift */ = {isa = PBXFileReference; lastKnownFileType = sourcecode.swift; path = PDFKitDocument.swift; sourceTree = "<group>"; };
		35C77E362B57A4E800591FA7 /* PDFDocumentOverlay.swift */ = {isa = PBXFileReference; lastKnownFileType = sourcecode.swift; path = PDFDocumentOverlay.swift; sourceTree = "<group>"; };
		35C77E392B57ED3000591FA7 /* DrawingAnnotation.swift */ = {isa = PBXFileReference; lastKnownFileType = sourcecode.swift; path = DrawingAnnotation.swift; sourceTree = "<group>"; };
		35C77E3B2B57ED8300591FA7 /* SignatureAnnotation .swift */ = {isa = PBXFileReference; lastKnownFileType = sourcecode.swift; path = "SignatureAnnotation .swift"; sourceTree = "<group>"; };
/* End PBXFileReference section */

/* Begin PBXFrameworksBuildPhase section */
		3528253C2B54D759002F17F5 /* Frameworks */ = {
			isa = PBXFrameworksBuildPhase;
			buildActionMask = 2147483647;
			files = (
			);
			runOnlyForDeploymentPostprocessing = 0;
		};
/* End PBXFrameworksBuildPhase section */

/* Begin PBXGroup section */
		352825362B54D759002F17F5 = {
			isa = PBXGroup;
			children = (
				352825412B54D759002F17F5 /* PDFDocumentView */,
				352825402B54D759002F17F5 /* Products */,
			);
			sourceTree = "<group>";
		};
		352825402B54D759002F17F5 /* Products */ = {
			isa = PBXGroup;
			children = (
				3528253F2B54D759002F17F5 /* PDFDocumentView.app */,
			);
			name = Products;
			sourceTree = "<group>";
		};
		352825412B54D759002F17F5 /* PDFDocumentView */ = {
			isa = PBXGroup;
			children = (
				35C77E2D2B578CD600591FA7 /* PDFKit */,
				3528255E2B54D783002F17F5 /* adel.pdf */,
				352825562B54D783002F17F5 /* Resizable */,
				352825422B54D759002F17F5 /* AppDelegate.swift */,
				352825442B54D759002F17F5 /* SceneDelegate.swift */,
				352825462B54D759002F17F5 /* ViewController.swift */,
				352825482B54D759002F17F5 /* Main.storyboard */,
				3528254B2B54D75A002F17F5 /* Assets.xcassets */,
				3528254D2B54D75A002F17F5 /* LaunchScreen.storyboard */,
				352825502B54D75A002F17F5 /* Info.plist */,
			);
			path = PDFDocumentView;
			sourceTree = "<group>";
		};
		352825562B54D783002F17F5 /* Resizable */ = {
			isa = PBXGroup;
			children = (
				352825572B54D783002F17F5 /* ResizableView.swift */,
				352825582B54D783002F17F5 /* DragButtonHandle.swift */,
				352825592B54D783002F17F5 /* ex+.swift */,
				3528255A2B54D783002F17F5 /* UIView+Transform.swift */,
				3528255C2B54D783002F17F5 /* ResizeBorder.swift */,
				3528255D2B54D783002F17F5 /* DragHandle.swift */,
			);
			path = Resizable;
			sourceTree = "<group>";
		};
		35C77E2D2B578CD600591FA7 /* PDFKit */ = {
			isa = PBXGroup;
			children = (
				35C77E382B57ED1E00591FA7 /* Annotation */,
				35C77E2E2B578CDE00591FA7 /* PDFDocumentView.swift */,
				35C77E342B57A45200591FA7 /* PDFKitDocument.swift */,
				35C77E302B57A3B900591FA7 /* PDFDocumentPage.swift */,
				35C77E322B57A42100591FA7 /* PDFKitToolPicker.swift */,
				35C77E362B57A4E800591FA7 /* PDFDocumentOverlay.swift */,
				3528255B2B54D783002F17F5 /* PDFKitDrawingView.swift */,
			);
			path = PDFKit;
			sourceTree = "<group>";
		};
		35C77E382B57ED1E00591FA7 /* Annotation */ = {
			isa = PBXGroup;
			children = (
				35C77E392B57ED3000591FA7 /* DrawingAnnotation.swift */,
				35C77E3B2B57ED8300591FA7 /* SignatureAnnotation .swift */,
			);
			path = Annotation;
			sourceTree = "<group>";
		};
/* End PBXGroup section */

/* Begin PBXNativeTarget section */
		3528253E2B54D759002F17F5 /* PDFDocumentView */ = {
			isa = PBXNativeTarget;
			buildConfigurationList = 352825532B54D75A002F17F5 /* Build configuration list for PBXNativeTarget "PDFDocumentView" */;
			buildPhases = (
				3528253B2B54D759002F17F5 /* Sources */,
				3528253C2B54D759002F17F5 /* Frameworks */,
				3528253D2B54D759002F17F5 /* Resources */,
			);
			buildRules = (
			);
			dependencies = (
			);
			name = PDFDocumentView;
			productName = PDFDocumentView;
			productReference = 3528253F2B54D759002F17F5 /* PDFDocumentView.app */;
			productType = "com.apple.product-type.application";
		};
/* End PBXNativeTarget section */

/* Begin PBXProject section */
		352825372B54D759002F17F5 /* Project object */ = {
			isa = PBXProject;
			attributes = {
				BuildIndependentTargetsInParallel = 1;
				LastSwiftUpdateCheck = 1500;
				LastUpgradeCheck = 1500;
				TargetAttributes = {
					3528253E2B54D759002F17F5 = {
						CreatedOnToolsVersion = 15.0.1;
					};
				};
			};
			buildConfigurationList = 3528253A2B54D759002F17F5 /* Build configuration list for PBXProject "PDFDocumentView" */;
			compatibilityVersion = "Xcode 14.0";
			developmentRegion = en;
			hasScannedForEncodings = 0;
			knownRegions = (
				en,
				Base,
			);
			mainGroup = 352825362B54D759002F17F5;
			productRefGroup = 352825402B54D759002F17F5 /* Products */;
			projectDirPath = "";
			projectRoot = "";
			targets = (
				3528253E2B54D759002F17F5 /* PDFDocumentView */,
			);
		};
/* End PBXProject section */

/* Begin PBXResourcesBuildPhase section */
		3528253D2B54D759002F17F5 /* Resources */ = {
			isa = PBXResourcesBuildPhase;
			buildActionMask = 2147483647;
			files = (
				3528254F2B54D75A002F17F5 /* LaunchScreen.storyboard in Resources */,
				3528254C2B54D75A002F17F5 /* Assets.xcassets in Resources */,
				352825662B54D783002F17F5 /* adel.pdf in Resources */,
				3528254A2B54D759002F17F5 /* Main.storyboard in Resources */,
			);
			runOnlyForDeploymentPostprocessing = 0;
		};
/* End PBXResourcesBuildPhase section */

/* Begin PBXSourcesBuildPhase section */
		3528253B2B54D759002F17F5 /* Sources */ = {
			isa = PBXSourcesBuildPhase;
			buildActionMask = 2147483647;
			files = (
				352825472B54D759002F17F5 /* ViewController.swift in Sources */,
				352825602B54D783002F17F5 /* DragButtonHandle.swift in Sources */,
				352825432B54D759002F17F5 /* AppDelegate.swift in Sources */,
				3528255F2B54D783002F17F5 /* ResizableView.swift in Sources */,
				35C77E352B57A45200591FA7 /* PDFKitDocument.swift in Sources */,
				352825612B54D783002F17F5 /* ex+.swift in Sources */,
				352825652B54D783002F17F5 /* DragHandle.swift in Sources */,
				35C77E372B57A4E800591FA7 /* PDFDocumentOverlay.swift in Sources */,
				35C77E312B57A3BA00591FA7 /* PDFDocumentPage.swift in Sources */,
				35C77E3A2B57ED3000591FA7 /* DrawingAnnotation.swift in Sources */,
				352825452B54D759002F17F5 /* SceneDelegate.swift in Sources */,
				35C77E3C2B57ED8300591FA7 /* SignatureAnnotation .swift in Sources */,
				352825632B54D783002F17F5 /* PDFKitDrawingView.swift in Sources */,
				352825622B54D783002F17F5 /* UIView+Transform.swift in Sources */,
				352825642B54D783002F17F5 /* ResizeBorder.swift in Sources */,
				35C77E332B57A42100591FA7 /* PDFKitToolPicker.swift in Sources */,
				35C77E2F2B578CDE00591FA7 /* PDFDocumentView.swift in Sources */,
			);
			runOnlyForDeploymentPostprocessing = 0;
		};
/* End PBXSourcesBuildPhase section */

/* Begin PBXVariantGroup section */
		352825482B54D759002F17F5 /* Main.storyboard */ = {
			isa = PBXVariantGroup;
			children = (
				352825492B54D759002F17F5 /* Base */,
			);
			name = Main.storyboard;
			sourceTree = "<group>";
		};
		3528254D2B54D75A002F17F5 /* LaunchScreen.storyboard */ = {
			isa = PBXVariantGroup;
			children = (
				3528254E2B54D75A002F17F5 /* Base */,
			);
			name = LaunchScreen.storyboard;
			sourceTree = "<group>";
		};
/* End PBXVariantGroup section */

/* Begin XCBuildConfiguration section */
		352825512B54D75A002F17F5 /* Debug */ = {
			isa = XCBuildConfiguration;
			buildSettings = {
				ALWAYS_SEARCH_USER_PATHS = NO;
				ASSETCATALOG_COMPILER_GENERATE_SWIFT_ASSET_SYMBOL_EXTENSIONS = YES;
				CLANG_ANALYZER_NONNULL = YES;
				CLANG_ANALYZER_NUMBER_OBJECT_CONVERSION = YES_AGGRESSIVE;
				CLANG_CXX_LANGUAGE_STANDARD = "gnu++20";
				CLANG_ENABLE_MODULES = YES;
				CLANG_ENABLE_OBJC_ARC = YES;
				CLANG_ENABLE_OBJC_WEAK = YES;
				CLANG_WARN_BLOCK_CAPTURE_AUTORELEASING = YES;
				CLANG_WARN_BOOL_CONVERSION = YES;
				CLANG_WARN_COMMA = YES;
				CLANG_WARN_CONSTANT_CONVERSION = YES;
				CLANG_WARN_DEPRECATED_OBJC_IMPLEMENTATIONS = YES;
				CLANG_WARN_DIRECT_OBJC_ISA_USAGE = YES_ERROR;
				CLANG_WARN_DOCUMENTATION_COMMENTS = YES;
				CLANG_WARN_EMPTY_BODY = YES;
				CLANG_WARN_ENUM_CONVERSION = YES;
				CLANG_WARN_INFINITE_RECURSION = YES;
				CLANG_WARN_INT_CONVERSION = YES;
				CLANG_WARN_NON_LITERAL_NULL_CONVERSION = YES;
				CLANG_WARN_OBJC_IMPLICIT_RETAIN_SELF = YES;
				CLANG_WARN_OBJC_LITERAL_CONVERSION = YES;
				CLANG_WARN_OBJC_ROOT_CLASS = YES_ERROR;
				CLANG_WARN_QUOTED_INCLUDE_IN_FRAMEWORK_HEADER = YES;
				CLANG_WARN_RANGE_LOOP_ANALYSIS = YES;
				CLANG_WARN_STRICT_PROTOTYPES = YES;
				CLANG_WARN_SUSPICIOUS_MOVE = YES;
				CLANG_WARN_UNGUARDED_AVAILABILITY = YES_AGGRESSIVE;
				CLANG_WARN_UNREACHABLE_CODE = YES;
				CLANG_WARN__DUPLICATE_METHOD_MATCH = YES;
				COPY_PHASE_STRIP = NO;
				DEBUG_INFORMATION_FORMAT = dwarf;
				ENABLE_STRICT_OBJC_MSGSEND = YES;
				ENABLE_TESTABILITY = YES;
				ENABLE_USER_SCRIPT_SANDBOXING = YES;
				GCC_C_LANGUAGE_STANDARD = gnu17;
				GCC_DYNAMIC_NO_PIC = NO;
				GCC_NO_COMMON_BLOCKS = YES;
				GCC_OPTIMIZATION_LEVEL = 0;
				GCC_PREPROCESSOR_DEFINITIONS = (
					"DEBUG=1",
					"$(inherited)",
				);
				GCC_WARN_64_TO_32_BIT_CONVERSION = YES;
				GCC_WARN_ABOUT_RETURN_TYPE = YES_ERROR;
				GCC_WARN_UNDECLARED_SELECTOR = YES;
				GCC_WARN_UNINITIALIZED_AUTOS = YES_AGGRESSIVE;
				GCC_WARN_UNUSED_FUNCTION = YES;
				GCC_WARN_UNUSED_VARIABLE = YES;
				IPHONEOS_DEPLOYMENT_TARGET = 17.0;
				LOCALIZATION_PREFERS_STRING_CATALOGS = YES;
				MTL_ENABLE_DEBUG_INFO = INCLUDE_SOURCE;
				MTL_FAST_MATH = YES;
				ONLY_ACTIVE_ARCH = YES;
				SDKROOT = iphoneos;
				SWIFT_ACTIVE_COMPILATION_CONDITIONS = "DEBUG $(inherited)";
				SWIFT_OPTIMIZATION_LEVEL = "-Onone";
			};
			name = Debug;
		};
		352825522B54D75A002F17F5 /* Release */ = {
			isa = XCBuildConfiguration;
			buildSettings = {
				ALWAYS_SEARCH_USER_PATHS = NO;
				ASSETCATALOG_COMPILER_GENERATE_SWIFT_ASSET_SYMBOL_EXTENSIONS = YES;
				CLANG_ANALYZER_NONNULL = YES;
				CLANG_ANALYZER_NUMBER_OBJECT_CONVERSION = YES_AGGRESSIVE;
				CLANG_CXX_LANGUAGE_STANDARD = "gnu++20";
				CLANG_ENABLE_MODULES = YES;
				CLANG_ENABLE_OBJC_ARC = YES;
				CLANG_ENABLE_OBJC_WEAK = YES;
				CLANG_WARN_BLOCK_CAPTURE_AUTORELEASING = YES;
				CLANG_WARN_BOOL_CONVERSION = YES;
				CLANG_WARN_COMMA = YES;
				CLANG_WARN_CONSTANT_CONVERSION = YES;
				CLANG_WARN_DEPRECATED_OBJC_IMPLEMENTATIONS = YES;
				CLANG_WARN_DIRECT_OBJC_ISA_USAGE = YES_ERROR;
				CLANG_WARN_DOCUMENTATION_COMMENTS = YES;
				CLANG_WARN_EMPTY_BODY = YES;
				CLANG_WARN_ENUM_CONVERSION = YES;
				CLANG_WARN_INFINITE_RECURSION = YES;
				CLANG_WARN_INT_CONVERSION = YES;
				CLANG_WARN_NON_LITERAL_NULL_CONVERSION = YES;
				CLANG_WARN_OBJC_IMPLICIT_RETAIN_SELF = YES;
				CLANG_WARN_OBJC_LITERAL_CONVERSION = YES;
				CLANG_WARN_OBJC_ROOT_CLASS = YES_ERROR;
				CLANG_WARN_QUOTED_INCLUDE_IN_FRAMEWORK_HEADER = YES;
				CLANG_WARN_RANGE_LOOP_ANALYSIS = YES;
				CLANG_WARN_STRICT_PROTOTYPES = YES;
				CLANG_WARN_SUSPICIOUS_MOVE = YES;
				CLANG_WARN_UNGUARDED_AVAILABILITY = YES_AGGRESSIVE;
				CLANG_WARN_UNREACHABLE_CODE = YES;
				CLANG_WARN__DUPLICATE_METHOD_MATCH = YES;
				COPY_PHASE_STRIP = NO;
				DEBUG_INFORMATION_FORMAT = "dwarf-with-dsym";
				ENABLE_NS_ASSERTIONS = NO;
				ENABLE_STRICT_OBJC_MSGSEND = YES;
				ENABLE_USER_SCRIPT_SANDBOXING = YES;
				GCC_C_LANGUAGE_STANDARD = gnu17;
				GCC_NO_COMMON_BLOCKS = YES;
				GCC_WARN_64_TO_32_BIT_CONVERSION = YES;
				GCC_WARN_ABOUT_RETURN_TYPE = YES_ERROR;
				GCC_WARN_UNDECLARED_SELECTOR = YES;
				GCC_WARN_UNINITIALIZED_AUTOS = YES_AGGRESSIVE;
				GCC_WARN_UNUSED_FUNCTION = YES;
				GCC_WARN_UNUSED_VARIABLE = YES;
				IPHONEOS_DEPLOYMENT_TARGET = 17.0;
				LOCALIZATION_PREFERS_STRING_CATALOGS = YES;
				MTL_ENABLE_DEBUG_INFO = NO;
				MTL_FAST_MATH = YES;
				SDKROOT = iphoneos;
				SWIFT_COMPILATION_MODE = wholemodule;
				VALIDATE_PRODUCT = YES;
			};
			name = Release;
		};
		352825542B54D75A002F17F5 /* Debug */ = {
			isa = XCBuildConfiguration;
			buildSettings = {
				ASSETCATALOG_COMPILER_APPICON_NAME = AppIcon;
				ASSETCATALOG_COMPILER_GLOBAL_ACCENT_COLOR_NAME = AccentColor;
				CODE_SIGN_STYLE = Automatic;
				CURRENT_PROJECT_VERSION = 1;
				DEVELOPMENT_TEAM = 35ZC8UVM43;
				GENERATE_INFOPLIST_FILE = YES;
				INFOPLIST_FILE = PDFDocumentView/Info.plist;
				INFOPLIST_KEY_UIApplicationSupportsIndirectInputEvents = YES;
				INFOPLIST_KEY_UILaunchStoryboardName = LaunchScreen;
				INFOPLIST_KEY_UIMainStoryboardFile = Main;
				INFOPLIST_KEY_UISupportedInterfaceOrientations_iPad = "UIInterfaceOrientationPortrait UIInterfaceOrientationPortraitUpsideDown UIInterfaceOrientationLandscapeLeft UIInterfaceOrientationLandscapeRight";
				INFOPLIST_KEY_UISupportedInterfaceOrientations_iPhone = "UIInterfaceOrientationPortrait UIInterfaceOrientationLandscapeLeft UIInterfaceOrientationLandscapeRight";
				LD_RUNPATH_SEARCH_PATHS = (
					"$(inherited)",
					"@executable_path/Frameworks",
				);
				MARKETING_VERSION = 1.0;
				PRODUCT_BUNDLE_IDENTIFIER = sa.gov.jeddah.ctsMonitorsApp.PDFDocumentView;
				PRODUCT_NAME = "$(TARGET_NAME)";
				SWIFT_EMIT_LOC_STRINGS = YES;
				SWIFT_VERSION = 5.0;
				TARGETED_DEVICE_FAMILY = "1,2";
			};
			name = Debug;
		};
		352825552B54D75A002F17F5 /* Release */ = {
			isa = XCBuildConfiguration;
			buildSettings = {
				ASSETCATALOG_COMPILER_APPICON_NAME = AppIcon;
				ASSETCATALOG_COMPILER_GLOBAL_ACCENT_COLOR_NAME = AccentColor;
				CODE_SIGN_STYLE = Automatic;
				CURRENT_PROJECT_VERSION = 1;
				DEVELOPMENT_TEAM = 35ZC8UVM43;
				GENERATE_INFOPLIST_FILE = YES;
				INFOPLIST_FILE = PDFDocumentView/Info.plist;
				INFOPLIST_KEY_UIApplicationSupportsIndirectInputEvents = YES;
				INFOPLIST_KEY_UILaunchStoryboardName = LaunchScreen;
				INFOPLIST_KEY_UIMainStoryboardFile = Main;
				INFOPLIST_KEY_UISupportedInterfaceOrientations_iPad = "UIInterfaceOrientationPortrait UIInterfaceOrientationPortraitUpsideDown UIInterfaceOrientationLandscapeLeft UIInterfaceOrientationLandscapeRight";
				INFOPLIST_KEY_UISupportedInterfaceOrientations_iPhone = "UIInterfaceOrientationPortrait UIInterfaceOrientationLandscapeLeft UIInterfaceOrientationLandscapeRight";
				LD_RUNPATH_SEARCH_PATHS = (
					"$(inherited)",
					"@executable_path/Frameworks",
				);
				MARKETING_VERSION = 1.0;
				PRODUCT_BUNDLE_IDENTIFIER = sa.gov.jeddah.ctsMonitorsApp.PDFDocumentView;
				PRODUCT_NAME = "$(TARGET_NAME)";
				SWIFT_EMIT_LOC_STRINGS = YES;
				SWIFT_VERSION = 5.0;
				TARGETED_DEVICE_FAMILY = "1,2";
			};
			name = Release;
		};
/* End XCBuildConfiguration section */

/* Begin XCConfigurationList section */
		3528253A2B54D759002F17F5 /* Build configuration list for PBXProject "PDFDocumentView" */ = {
			isa = XCConfigurationList;
			buildConfigurations = (
				352825512B54D75A002F17F5 /* Debug */,
				352825522B54D75A002F17F5 /* Release */,
			);
			defaultConfigurationIsVisible = 0;
			defaultConfigurationName = Release;
		};
		352825532B54D75A002F17F5 /* Build configuration list for PBXNativeTarget "PDFDocumentView" */ = {
			isa = XCConfigurationList;
			buildConfigurations = (
				352825542B54D75A002F17F5 /* Debug */,
				352825552B54D75A002F17F5 /* Release */,
			);
			defaultConfigurationIsVisible = 0;
			defaultConfigurationName = Release;
		};
/* End XCConfigurationList section */
	};
	rootObject = 352825372B54D759002F17F5 /* Project object */;
}
